
Microsoft Visual Studio Solution File, Format Version 12.00
# Visual Studio 15
VisualStudioVersion = 15.0.28010.2003
MinimumVisualStudioVersion = 10.0.40219.1
Project("{FAE04EC0-301F-11D3-BF4B-00C04F79EFBC}") = "JenkinsDemo", "JenkinsDemo\JenkinsDemo.csproj", "{A2F03AB7-3547-41E9-A7F9-F0A3F2B655DA}"
EndProject
Global
	GlobalSection(SolutionConfigurationPlatforms) = preSolution
		Debug|Any CPU = Debug|Any CPU
		Release|Any CPU = Release|Any CPU
	EndGlobalSection
	GlobalSection(ProjectConfigurationPlatforms) = postSolution
		{A2F03AB7-3547-41E9-A7F9-F0A3F2B655DA}.Debug|Any CPU.ActiveCfg = Debug|Any CPU
		{A2F03AB7-3547-41E9-A7F9-F0A3F2B655DA}.Debug|Any CPU.Build.0 = Debug|Any CPU
		{A2F03AB7-3547-41E9-A7F9-F0A3F2B655DA}.Release|Any CPU.ActiveCfg = Release|Any CPU
		{A2F03AB7-3547-41E9-A7F9-F0A3F2B655DA}.Release|Any CPU.Build.0 = Release|Any CPU
	EndGlobalSection
	GlobalSection(SolutionProperties) = preSolution
		HideSolutionNode = FALSE
	EndGlobalSection
	GlobalSection(ExtensibilityGlobals) = postSolution
		SolutionGuid = {7E6F7024-D457-4392-9EC9-97EDE3939684}
	EndGlobalSection
EndGlobal
